
Microsoft Visual Studio Solution File, Format Version 12.00
# Visual Studio Version 16
VisualStudioVersion = 16.0.31402.337
MinimumVisualStudioVersion = 10.0.40219.1
Project("{FAE04EC0-301F-11D3-BF4B-00C04F79EFBC}") = "Series", "Series.csproj", "{750B0646-CECB-4372-BD10-E4F96B8E16E6}"
EndProject
Global
	GlobalSection(SolutionConfigurationPlatforms) = preSolution
		Debug|Any CPU = Debug|Any CPU
		Release|Any CPU = Release|Any CPU
	EndGlobalSection
	GlobalSection(ProjectConfigurationPlatforms) = postSolution
		{750B0646-CECB-4372-BD10-E4F96B8E16E6}.Debug|Any CPU.ActiveCfg = Debug|Any CPU
		{750B0646-CECB-4372-BD10-E4F96B8E16E6}.Debug|Any CPU.Build.0 = Debug|Any CPU
		{750B0646-CECB-4372-BD10-E4F96B8E16E6}.Release|Any CPU.ActiveCfg = Release|Any CPU
		{750B0646-CECB-4372-BD10-E4F96B8E16E6}.Release|Any CPU.Build.0 = Release|Any CPU
	EndGlobalSection
	GlobalSection(SolutionProperties) = preSolution
		HideSolutionNode = FALSE
	EndGlobalSection
	GlobalSection(ExtensibilityGlobals) = postSolution
		SolutionGuid = {00E2654E-5FC8-4CCB-8AFA-755369984FD0}
	EndGlobalSection
EndGlobal
